{
	"name": "@booleon/react",
	"version": "2.0.5-alpha.0",
	"lockfileVersion": 2,
	"requires": true,
	"packages": {
		"": {
			"name": "@booleon/react",
			"version": "2.0.5-alpha.0",
			"license": "MIT",
			"devDependencies": {
				"@booleon/core": "file:../core/src"
			},
			"peerDependencies": {
				"@booleon/core": ">=2"
			}
		},
		"../core/src": {
			"dev": true
		},
		"node_modules/@booleon/core": {
			"resolved": "../core/src",
			"link": true
		}
	},
	"dependencies": {
		"@booleon/core": {
			"version": "file:../core/src"
		}
	}
}
